
Microsoft Visual Studio Solution File, Format Version 12.00
# Visual Studio 2015
Project("{FAE04EC0-301F-11D3-BF4B-00C04F79EFBC}") = "Clément-Guillaume.CSharp", "Clément-Guillaume.CSharp.csproj", "{1EEAE339-F619-D38D-A871-913EE1E05019}"
EndProject
Global
	GlobalSection(SolutionConfigurationPlatforms) = preSolution
		Debug|Any CPU = Debug|Any CPU
		Release|Any CPU = Release|Any CPU
	EndGlobalSection
	GlobalSection(ProjectConfigurationPlatforms) = postSolution
		{1EEAE339-F619-D38D-A871-913EE1E05019}.Debug|Any CPU.ActiveCfg = Debug|Any CPU
		{1EEAE339-F619-D38D-A871-913EE1E05019}.Debug|Any CPU.Build.0 = Debug|Any CPU
		{1EEAE339-F619-D38D-A871-913EE1E05019}.Release|Any CPU.ActiveCfg = Release|Any CPU
		{1EEAE339-F619-D38D-A871-913EE1E05019}.Release|Any CPU.Build.0 = Release|Any CPU
	EndGlobalSection
	GlobalSection(SolutionProperties) = preSolution
		HideSolutionNode = FALSE
	EndGlobalSection
EndGlobal
